// !$*UTF8*$!
{
	archiveVersion = 1;
	classes = {
	};
	objectVersion = 50;
	objects = {

/* Begin PBXBuildFile section */
		6392EE1E20B4B3EA00B39FBE /* AppDelegate.swift in Sources */ = {isa = PBXBuildFile; fileRef = 6392EE1D20B4B3EA00B39FBE /* AppDelegate.swift */; };
		6392EE2020B4B3EA00B39FBE /* ViewController.swift in Sources */ = {isa = PBXBuildFile; fileRef = 6392EE1F20B4B3EA00B39FBE /* ViewController.swift */; };
		6392EE2320B4B3EA00B39FBE /* Main.storyboard in Resources */ = {isa = PBXBuildFile; fileRef = 6392EE2120B4B3EA00B39FBE /* Main.storyboard */; };
		6392EE2520B4B3ED00B39FBE /* Assets.xcassets in Resources */ = {isa = PBXBuildFile; fileRef = 6392EE2420B4B3ED00B39FBE /* Assets.xcassets */; };
		6392EE2820B4B3ED00B39FBE /* LaunchScreen.storyboard in Resources */ = {isa = PBXBuildFile; fileRef = 6392EE2620B4B3ED00B39FBE /* LaunchScreen.storyboard */; };
		6392EE3320B4B3ED00B39FBE /* ConcentrationGameTests.swift in Sources */ = {isa = PBXBuildFile; fileRef = 6392EE3220B4B3ED00B39FBE /* ConcentrationGameTests.swift */; };
		6392EE3E20B4B3ED00B39FBE /* ConcentrationGameUITests.swift in Sources */ = {isa = PBXBuildFile; fileRef = 6392EE3D20B4B3ED00B39FBE /* ConcentrationGameUITests.swift */; };
		63CE0DBA20B608CF003CFB68 /* Concentration.swift in Sources */ = {isa = PBXBuildFile; fileRef = 63CE0DB920B608CF003CFB68 /* Concentration.swift */; };
		63CE0DBC20B608DD003CFB68 /* Card.swift in Sources */ = {isa = PBXBuildFile; fileRef = 63CE0DBB20B608DD003CFB68 /* Card.swift */; };
/* End PBXBuildFile section */

/* Begin PBXContainerItemProxy section */
		6392EE2F20B4B3ED00B39FBE /* PBXContainerItemProxy */ = {
			isa = PBXContainerItemProxy;
			containerPortal = 6392EE1220B4B3EA00B39FBE /* Project object */;
			proxyType = 1;
			remoteGlobalIDString = 6392EE1920B4B3EA00B39FBE;
			remoteInfo = ConcentrationGame;
		};
		6392EE3A20B4B3ED00B39FBE /* PBXContainerItemProxy */ = {
			isa = PBXContainerItemProxy;
			containerPortal = 6392EE1220B4B3EA00B39FBE /* Project object */;
			proxyType = 1;
			remoteGlobalIDString = 6392EE1920B4B3EA00B39FBE;
			remoteInfo = ConcentrationGame;
		};
/* End PBXContainerItemProxy section */

/* Begin PBXFileReference section */
		6392EE1A20B4B3EA00B39FBE /* ConcentrationGame.app */ = {isa = PBXFileReference; explicitFileType = wrapper.application; includeInIndex = 0; path = ConcentrationGame.app; sourceTree = BUILT_PRODUCTS_DIR; };
		6392EE1D20B4B3EA00B39FBE /* AppDelegate.swift */ = {isa = PBXFileReference; lastKnownFileType = sourcecode.swift; path = AppDelegate.swift; sourceTree = "<group>"; };
		6392EE1F20B4B3EA00B39FBE /* ViewController.swift */ = {isa = PBXFileReference; lastKnownFileType = sourcecode.swift; path = ViewController.swift; sourceTree = "<group>"; };
		6392EE2220B4B3EA00B39FBE /* Base */ = {isa = PBXFileReference; lastKnownFileType = file.storyboard; name = Base; path = Base.lproj/Main.storyboard; sourceTree = "<group>"; };
		6392EE2420B4B3ED00B39FBE /* Assets.xcassets */ = {isa = PBXFileReference; lastKnownFileType = folder.assetcatalog; path = Assets.xcassets; sourceTree = "<group>"; };
		6392EE2720B4B3ED00B39FBE /* Base */ = {isa = PBXFileReference; lastKnownFileType = file.storyboard; name = Base; path = Base.lproj/LaunchScreen.storyboard; sourceTree = "<group>"; };
		6392EE2920B4B3ED00B39FBE /* Info.plist */ = {isa = PBXFileReference; lastKnownFileType = text.plist.xml; path = Info.plist; sourceTree = "<group>"; };
		6392EE2E20B4B3ED00B39FBE /* ConcentrationGameTests.xctest */ = {isa = PBXFileReference; explicitFileType = wrapper.cfbundle; includeInIndex = 0; path = ConcentrationGameTests.xctest; sourceTree = BUILT_PRODUCTS_DIR; };
		6392EE3220B4B3ED00B39FBE /* ConcentrationGameTests.swift */ = {isa = PBXFileReference; lastKnownFileType = sourcecode.swift; path = ConcentrationGameTests.swift; sourceTree = "<group>"; };
		6392EE3420B4B3ED00B39FBE /* Info.plist */ = {isa = PBXFileReference; lastKnownFileType = text.plist.xml; path = Info.plist; sourceTree = "<group>"; };
		6392EE3920B4B3ED00B39FBE /* ConcentrationGameUITests.xctest */ = {isa = PBXFileReference; explicitFileType = wrapper.cfbundle; includeInIndex = 0; path = ConcentrationGameUITests.xctest; sourceTree = BUILT_PRODUCTS_DIR; };
		6392EE3D20B4B3ED00B39FBE /* ConcentrationGameUITests.swift */ = {isa = PBXFileReference; lastKnownFileType = sourcecode.swift; path = ConcentrationGameUITests.swift; sourceTree = "<group>"; };
		6392EE3F20B4B3ED00B39FBE /* Info.plist */ = {isa = PBXFileReference; lastKnownFileType = text.plist.xml; path = Info.plist; sourceTree = "<group>"; };
		63CE0DB920B608CF003CFB68 /* Concentration.swift */ = {isa = PBXFileReference; lastKnownFileType = sourcecode.swift; path = Concentration.swift; sourceTree = "<group>"; };
		63CE0DBB20B608DD003CFB68 /* Card.swift */ = {isa = PBXFileReference; lastKnownFileType = sourcecode.swift; path = Card.swift; sourceTree = "<group>"; };
/* End PBXFileReference section */

/* Begin PBXFrameworksBuildPhase section */
		6392EE1720B4B3EA00B39FBE /* Frameworks */ = {
			isa = PBXFrameworksBuildPhase;
			buildActionMask = 2147483647;
			files = (
			);
			runOnlyForDeploymentPostprocessing = 0;
		};
		6392EE2B20B4B3ED00B39FBE /* Frameworks */ = {
			isa = PBXFrameworksBuildPhase;
			buildActionMask = 2147483647;
			files = (
			);
			runOnlyForDeploymentPostprocessing = 0;
		};
		6392EE3620B4B3ED00B39FBE /* Frameworks */ = {
			isa = PBXFrameworksBuildPhase;
			buildActionMask = 2147483647;
			files = (
			);
			runOnlyForDeploymentPostprocessing = 0;
		};
/* End PBXFrameworksBuildPhase section */

/* Begin PBXGroup section */
		6392EE1120B4B3EA00B39FBE = {
			isa = PBXGroup;
			children = (
				6392EE1C20B4B3EA00B39FBE /* ConcentrationGame */,
				6392EE3120B4B3ED00B39FBE /* ConcentrationGameTests */,
				6392EE3C20B4B3ED00B39FBE /* ConcentrationGameUITests */,
				6392EE1B20B4B3EA00B39FBE /* Products */,
			);
			sourceTree = "<group>";
		};
		6392EE1B20B4B3EA00B39FBE /* Products */ = {
			isa = PBXGroup;
			children = (
				6392EE1A20B4B3EA00B39FBE /* ConcentrationGame.app */,
				6392EE2E20B4B3ED00B39FBE /* ConcentrationGameTests.xctest */,
				6392EE3920B4B3ED00B39FBE /* ConcentrationGameUITests.xctest */,
			);
			name = Products;
			sourceTree = "<group>";
		};
		6392EE1C20B4B3EA00B39FBE /* ConcentrationGame */ = {
			isa = PBXGroup;
			children = (
				6392EE1D20B4B3EA00B39FBE /* AppDelegate.swift */,
				6392EE1F20B4B3EA00B39FBE /* ViewController.swift */,
				63CE0DB920B608CF003CFB68 /* Concentration.swift */,
				63CE0DBB20B608DD003CFB68 /* Card.swift */,
				6392EE2120B4B3EA00B39FBE /* Main.storyboard */,
				6392EE2420B4B3ED00B39FBE /* Assets.xcassets */,
				6392EE2620B4B3ED00B39FBE /* LaunchScreen.storyboard */,
				6392EE2920B4B3ED00B39FBE /* Info.plist */,
			);
			path = ConcentrationGame;
			sourceTree = "<group>";
		};
		6392EE3120B4B3ED00B39FBE /* ConcentrationGameTests */ = {
			isa = PBXGroup;
			children = (
				6392EE3220B4B3ED00B39FBE /* ConcentrationGameTests.swift */,
				6392EE3420B4B3ED00B39FBE /* Info.plist */,
			);
			path = ConcentrationGameTests;
			sourceTree = "<group>";
		};
		6392EE3C20B4B3ED00B39FBE /* ConcentrationGameUITests */ = {
			isa = PBXGroup;
			children = (
				6392EE3D20B4B3ED00B39FBE /* ConcentrationGameUITests.swift */,
				6392EE3F20B4B3ED00B39FBE /* Info.plist */,
			);
			path = ConcentrationGameUITests;
			sourceTree = "<group>";
		};
/* End PBXGroup section */

/* Begin PBXNativeTarget section */
		6392EE1920B4B3EA00B39FBE /* ConcentrationGame */ = {
			isa = PBXNativeTarget;
			buildConfigurationList = 6392EE4220B4B3ED00B39FBE /* Build configuration list for PBXNativeTarget "ConcentrationGame" */;
			buildPhases = (
				6392EE1620B4B3EA00B39FBE /* Sources */,
				6392EE1720B4B3EA00B39FBE /* Frameworks */,
				6392EE1820B4B3EA00B39FBE /* Resources */,
			);
			buildRules = (
			);
			dependencies = (
			);
			name = ConcentrationGame;
			productName = ConcentrationGame;
			productReference = 6392EE1A20B4B3EA00B39FBE /* ConcentrationGame.app */;
			productType = "com.apple.product-type.application";
		};
		6392EE2D20B4B3ED00B39FBE /* ConcentrationGameTests */ = {
			isa = PBXNativeTarget;
			buildConfigurationList = 6392EE4520B4B3ED00B39FBE /* Build configuration list for PBXNativeTarget "ConcentrationGameTests" */;
			buildPhases = (
				6392EE2A20B4B3ED00B39FBE /* Sources */,
				6392EE2B20B4B3ED00B39FBE /* Frameworks */,
				6392EE2C20B4B3ED00B39FBE /* Resources */,
			);
			buildRules = (
			);
			dependencies = (
				6392EE3020B4B3ED00B39FBE /* PBXTargetDependency */,
			);
			name = ConcentrationGameTests;
			productName = ConcentrationGameTests;
			productReference = 6392EE2E20B4B3ED00B39FBE /* ConcentrationGameTests.xctest */;
			productType = "com.apple.product-type.bundle.unit-test";
		};
		6392EE3820B4B3ED00B39FBE /* ConcentrationGameUITests */ = {
			isa = PBXNativeTarget;
			buildConfigurationList = 6392EE4820B4B3ED00B39FBE /* Build configuration list for PBXNativeTarget "ConcentrationGameUITests" */;
			buildPhases = (
				6392EE3520B4B3ED00B39FBE /* Sources */,
				6392EE3620B4B3ED00B39FBE /* Frameworks */,
				6392EE3720B4B3ED00B39FBE /* Resources */,
			);
			buildRules = (
			);
			dependencies = (
				6392EE3B20B4B3ED00B39FBE /* PBXTargetDependency */,
			);
			name = ConcentrationGameUITests;
			productName = ConcentrationGameUITests;
			productReference = 6392EE3920B4B3ED00B39FBE /* ConcentrationGameUITests.xctest */;
			productType = "com.apple.product-type.bundle.ui-testing";
		};
/* End PBXNativeTarget section */

/* Begin PBXProject section */
		6392EE1220B4B3EA00B39FBE /* Project object */ = {
			isa = PBXProject;
			attributes = {
				LastSwiftUpdateCheck = 0930;
				LastUpgradeCheck = 0930;
				ORGANIZATIONNAME = "Celal Aslan";
				TargetAttributes = {
					6392EE1920B4B3EA00B39FBE = {
						CreatedOnToolsVersion = 9.3.1;
					};
					6392EE2D20B4B3ED00B39FBE = {
						CreatedOnToolsVersion = 9.3.1;
						TestTargetID = 6392EE1920B4B3EA00B39FBE;
					};
					6392EE3820B4B3ED00B39FBE = {
						CreatedOnToolsVersion = 9.3.1;
						TestTargetID = 6392EE1920B4B3EA00B39FBE;
					};
				};
			};
			buildConfigurationList = 6392EE1520B4B3EA00B39FBE /* Build configuration list for PBXProject "ConcentrationGame" */;
			compatibilityVersion = "Xcode 9.3";
			developmentRegion = en;
			hasScannedForEncodings = 0;
			knownRegions = (
				en,
				Base,
			);
			mainGroup = 6392EE1120B4B3EA00B39FBE;
			productRefGroup = 6392EE1B20B4B3EA00B39FBE /* Products */;
			projectDirPath = "";
			projectRoot = "";
			targets = (
				6392EE1920B4B3EA00B39FBE /* ConcentrationGame */,
				6392EE2D20B4B3ED00B39FBE /* ConcentrationGameTests */,
				6392EE3820B4B3ED00B39FBE /* ConcentrationGameUITests */,
			);
		};
/* End PBXProject section */

/* Begin PBXResourcesBuildPhase section */
		6392EE1820B4B3EA00B39FBE /* Resources */ = {
			isa = PBXResourcesBuildPhase;
			buildActionMask = 2147483647;
			files = (
				6392EE2820B4B3ED00B39FBE /* LaunchScreen.storyboard in Resources */,
				6392EE2520B4B3ED00B39FBE /* Assets.xcassets in Resources */,
				6392EE2320B4B3EA00B39FBE /* Main.storyboard in Resources */,
			);
			runOnlyForDeploymentPostprocessing = 0;
		};
		6392EE2C20B4B3ED00B39FBE /* Resources */ = {
			isa = PBXResourcesBuildPhase;
			buildActionMask = 2147483647;
			files = (
			);
			runOnlyForDeploymentPostprocessing = 0;
		};
		6392EE3720B4B3ED00B39FBE /* Resources */ = {
			isa = PBXResourcesBuildPhase;
			buildActionMask = 2147483647;
			files = (
			);
			runOnlyForDeploymentPostprocessing = 0;
		};
/* End PBXResourcesBuildPhase section */

/* Begin PBXSourcesBuildPhase section */
		6392EE1620B4B3EA00B39FBE /* Sources */ = {
			isa = PBXSourcesBuildPhase;
			buildActionMask = 2147483647;
			files = (
				6392EE2020B4B3EA00B39FBE /* ViewController.swift in Sources */,
				6392EE1E20B4B3EA00B39FBE /* AppDelegate.swift in Sources */,
				63CE0DBA20B608CF003CFB68 /* Concentration.swift in Sources */,
				63CE0DBC20B608DD003CFB68 /* Card.swift in Sources */,
			);
			runOnlyForDeploymentPostprocessing = 0;
		};
		6392EE2A20B4B3ED00B39FBE /* Sources */ = {
			isa = PBXSourcesBuildPhase;
			buildActionMask = 2147483647;
			files = (
				6392EE3320B4B3ED00B39FBE /* ConcentrationGameTests.swift in Sources */,
			);
			runOnlyForDeploymentPostprocessing = 0;
		};
		6392EE3520B4B3ED00B39FBE /* Sources */ = {
			isa = PBXSourcesBuildPhase;
			buildActionMask = 2147483647;
			files = (
				6392EE3E20B4B3ED00B39FBE /* ConcentrationGameUITests.swift in Sources */,
			);
			runOnlyForDeploymentPostprocessing = 0;
		};
/* End PBXSourcesBuildPhase section */

/* Begin PBXTargetDependency section */
		6392EE3020B4B3ED00B39FBE /* PBXTargetDependency */ = {
			isa = PBXTargetDependency;
			target = 6392EE1920B4B3EA00B39FBE /* ConcentrationGame */;
			targetProxy = 6392EE2F20B4B3ED00B39FBE /* PBXContainerItemProxy */;
		};
		6392EE3B20B4B3ED00B39FBE /* PBXTargetDependency */ = {
			isa = PBXTargetDependency;
			target = 6392EE1920B4B3EA00B39FBE /* ConcentrationGame */;
			targetProxy = 6392EE3A20B4B3ED00B39FBE /* PBXContainerItemProxy */;
		};
/* End PBXTargetDependency section */

/* Begin PBXVariantGroup section */
		6392EE2120B4B3EA00B39FBE /* Main.storyboard */ = {
			isa = PBXVariantGroup;
			children = (
				6392EE2220B4B3EA00B39FBE /* Base */,
			);
			name = Main.storyboard;
			sourceTree = "<group>";
		};
		6392EE2620B4B3ED00B39FBE /* LaunchScreen.storyboard */ = {
			isa = PBXVariantGroup;
			children = (
				6392EE2720B4B3ED00B39FBE /* Base */,
			);
			name = LaunchScreen.storyboard;
			sourceTree = "<group>";
		};
/* End PBXVariantGroup section */

/* Begin XCBuildConfiguration section */
		6392EE4020B4B3ED00B39FBE /* Debug */ = {
			isa = XCBuildConfiguration;
			buildSettings = {
				ALWAYS_SEARCH_USER_PATHS = NO;
				CLANG_ANALYZER_NONNULL = YES;
				CLANG_ANALYZER_NUMBER_OBJECT_CONVERSION = YES_AGGRESSIVE;
				CLANG_CXX_LANGUAGE_STANDARD = "gnu++14";
				CLANG_CXX_LIBRARY = "libc++";
				CLANG_ENABLE_MODULES = YES;
				CLANG_ENABLE_OBJC_ARC = YES;
				CLANG_ENABLE_OBJC_WEAK = YES;
				CLANG_WARN_BLOCK_CAPTURE_AUTORELEASING = YES;
				CLANG_WARN_BOOL_CONVERSION = YES;
				CLANG_WARN_COMMA = YES;
				CLANG_WARN_CONSTANT_CONVERSION = YES;
				CLANG_WARN_DEPRECATED_OBJC_IMPLEMENTATIONS = YES;
				CLANG_WARN_DIRECT_OBJC_ISA_USAGE = YES_ERROR;
				CLANG_WARN_DOCUMENTATION_COMMENTS = YES;
				CLANG_WARN_EMPTY_BODY = YES;
				CLANG_WARN_ENUM_CONVERSION = YES;
				CLANG_WARN_INFINITE_RECURSION = YES;
				CLANG_WARN_INT_CONVERSION = YES;
				CLANG_WARN_NON_LITERAL_NULL_CONVERSION = YES;
				CLANG_WARN_OBJC_IMPLICIT_RETAIN_SELF = YES;
				CLANG_WARN_OBJC_LITERAL_CONVERSION = YES;
				CLANG_WARN_OBJC_ROOT_CLASS = YES_ERROR;
				CLANG_WARN_RANGE_LOOP_ANALYSIS = YES;
				CLANG_WARN_STRICT_PROTOTYPES = YES;
				CLANG_WARN_SUSPICIOUS_MOVE = YES;
				CLANG_WARN_UNGUARDED_AVAILABILITY = YES_AGGRESSIVE;
				CLANG_WARN_UNREACHABLE_CODE = YES;
				CLANG_WARN__DUPLICATE_METHOD_MATCH = YES;
				CODE_SIGN_IDENTITY = "iPhone Developer";
				COPY_PHASE_STRIP = NO;
				DEBUG_INFORMATION_FORMAT = dwarf;
				ENABLE_STRICT_OBJC_MSGSEND = YES;
				ENABLE_TESTABILITY = YES;
				GCC_C_LANGUAGE_STANDARD = gnu11;
				GCC_DYNAMIC_NO_PIC = NO;
				GCC_NO_COMMON_BLOCKS = YES;
				GCC_OPTIMIZATION_LEVEL = 0;
				GCC_PREPROCESSOR_DEFINITIONS = (
					"DEBUG=1",
					"$(inherited)",
				);
				GCC_WARN_64_TO_32_BIT_CONVERSION = YES;
				GCC_WARN_ABOUT_RETURN_TYPE = YES_ERROR;
				GCC_WARN_UNDECLARED_SELECTOR = YES;
				GCC_WARN_UNINITIALIZED_AUTOS = YES_AGGRESSIVE;
				GCC_WARN_UNUSED_FUNCTION = YES;
				GCC_WARN_UNUSED_VARIABLE = YES;
				IPHONEOS_DEPLOYMENT_TARGET = 11.3;
				MTL_ENABLE_DEBUG_INFO = YES;
				ONLY_ACTIVE_ARCH = YES;
				SDKROOT = iphoneos;
				SWIFT_ACTIVE_COMPILATION_CONDITIONS = DEBUG;
				SWIFT_OPTIMIZATION_LEVEL = "-Onone";
			};
			name = Debug;
		};
		6392EE4120B4B3ED00B39FBE /* Release */ = {
			isa = XCBuildConfiguration;
			buildSettings = {
				ALWAYS_SEARCH_USER_PATHS = NO;
				CLANG_ANALYZER_NONNULL = YES;
				CLANG_ANALYZER_NUMBER_OBJECT_CONVERSION = YES_AGGRESSIVE;
				CLANG_CXX_LANGUAGE_STANDARD = "gnu++14";
				CLANG_CXX_LIBRARY = "libc++";
				CLANG_ENABLE_MODULES = YES;
				CLANG_ENABLE_OBJC_ARC = YES;
				CLANG_ENABLE_OBJC_WEAK = YES;
				CLANG_WARN_BLOCK_CAPTURE_AUTORELEASING = YES;
				CLANG_WARN_BOOL_CONVERSION = YES;
				CLANG_WARN_COMMA = YES;
				CLANG_WARN_CONSTANT_CONVERSION = YES;
				CLANG_WARN_DEPRECATED_OBJC_IMPLEMENTATIONS = YES;
				CLANG_WARN_DIRECT_OBJC_ISA_USAGE = YES_ERROR;
				CLANG_WARN_DOCUMENTATION_COMMENTS = YES;
				CLANG_WARN_EMPTY_BODY = YES;
				CLANG_WARN_ENUM_CONVERSION = YES;
				CLANG_WARN_INFINITE_RECURSION = YES;
				CLANG_WARN_INT_CONVERSION = YES;
				CLANG_WARN_NON_LITERAL_NULL_CONVERSION = YES;
				CLANG_WARN_OBJC_IMPLICIT_RETAIN_SELF = YES;
				CLANG_WARN_OBJC_LITERAL_CONVERSION = YES;
				CLANG_WARN_OBJC_ROOT_CLASS = YES_ERROR;
				CLANG_WARN_RANGE_LOOP_ANALYSIS = YES;
				CLANG_WARN_STRICT_PROTOTYPES = YES;
				CLANG_WARN_SUSPICIOUS_MOVE = YES;
				CLANG_WARN_UNGUARDED_AVAILABILITY = YES_AGGRESSIVE;
				CLANG_WARN_UNREACHABLE_CODE = YES;
				CLANG_WARN__DUPLICATE_METHOD_MATCH = YES;
				CODE_SIGN_IDENTITY = "iPhone Developer";
				COPY_PHASE_STRIP = NO;
				DEBUG_INFORMATION_FORMAT = "dwarf-with-dsym";
				ENABLE_NS_ASSERTIONS = NO;
				ENABLE_STRICT_OBJC_MSGSEND = YES;
				GCC_C_LANGUAGE_STANDARD = gnu11;
				GCC_NO_COMMON_BLOCKS = YES;
				GCC_WARN_64_TO_32_BIT_CONVERSION = YES;
				GCC_WARN_ABOUT_RETURN_TYPE = YES_ERROR;
				GCC_WARN_UNDECLARED_SELECTOR = YES;
				GCC_WARN_UNINITIALIZED_AUTOS = YES_AGGRESSIVE;
				GCC_WARN_UNUSED_FUNCTION = YES;
				GCC_WARN_UNUSED_VARIABLE = YES;
				IPHONEOS_DEPLOYMENT_TARGET = 11.3;
				MTL_ENABLE_DEBUG_INFO = NO;
				SDKROOT = iphoneos;
				SWIFT_COMPILATION_MODE = wholemodule;
				SWIFT_OPTIMIZATION_LEVEL = "-O";
				VALIDATE_PRODUCT = YES;
			};
			name = Release;
		};
		6392EE4320B4B3ED00B39FBE /* Debug */ = {
			isa = XCBuildConfiguration;
			buildSettings = {
				ASSETCATALOG_COMPILER_APPICON_NAME = AppIcon;
				CODE_SIGN_STYLE = Automatic;
				DEVELOPMENT_TEAM = L25VC4833P;
				INFOPLIST_FILE = ConcentrationGame/Info.plist;
				LD_RUNPATH_SEARCH_PATHS = (
					"$(inherited)",
					"@executable_path/Frameworks",
				);
				PRODUCT_BUNDLE_IDENTIFIER = CA.ConcentrationGame;
				PRODUCT_NAME = "$(TARGET_NAME)";
				SWIFT_VERSION = 4.0;
				TARGETED_DEVICE_FAMILY = "1,2";
			};
			name = Debug;
		};
		6392EE4420B4B3ED00B39FBE /* Release */ = {
			isa = XCBuildConfiguration;
			buildSettings = {
				ASSETCATALOG_COMPILER_APPICON_NAME = AppIcon;
				CODE_SIGN_STYLE = Automatic;
				DEVELOPMENT_TEAM = L25VC4833P;
				INFOPLIST_FILE = ConcentrationGame/Info.plist;
				LD_RUNPATH_SEARCH_PATHS = (
					"$(inherited)",
					"@executable_path/Frameworks",
				);
				PRODUCT_BUNDLE_IDENTIFIER = CA.ConcentrationGame;
				PRODUCT_NAME = "$(TARGET_NAME)";
				SWIFT_VERSION = 4.0;
				TARGETED_DEVICE_FAMILY = "1,2";
			};
			name = Release;
		};
		6392EE4620B4B3ED00B39FBE /* Debug */ = {
			isa = XCBuildConfiguration;
			buildSettings = {
				ALWAYS_EMBED_SWIFT_STANDARD_LIBRARIES = YES;
				BUNDLE_LOADER = "$(TEST_HOST)";
				CODE_SIGN_STYLE = Automatic;
				DEVELOPMENT_TEAM = L25VC4833P;
				INFOPLIST_FILE = ConcentrationGameTests/Info.plist;
				LD_RUNPATH_SEARCH_PATHS = (
					"$(inherited)",
					"@executable_path/Frameworks",
					"@loader_path/Frameworks",
				);
				PRODUCT_BUNDLE_IDENTIFIER = CA.ConcentrationGameTests;
				PRODUCT_NAME = "$(TARGET_NAME)";
				SWIFT_VERSION = 4.0;
				TARGETED_DEVICE_FAMILY = "1,2";
				TEST_HOST = "$(BUILT_PRODUCTS_DIR)/ConcentrationGame.app/ConcentrationGame";
			};
			name = Debug;
		};
		6392EE4720B4B3ED00B39FBE /* Release */ = {
			isa = XCBuildConfiguration;
			buildSettings = {
				ALWAYS_EMBED_SWIFT_STANDARD_LIBRARIES = YES;
				BUNDLE_LOADER = "$(TEST_HOST)";
				CODE_SIGN_STYLE = Automatic;
				DEVELOPMENT_TEAM = L25VC4833P;
				INFOPLIST_FILE = ConcentrationGameTests/Info.plist;
				LD_RUNPATH_SEARCH_PATHS = (
					"$(inherited)",
					"@executable_path/Frameworks",
					"@loader_path/Frameworks",
				);
				PRODUCT_BUNDLE_IDENTIFIER = CA.ConcentrationGameTests;
				PRODUCT_NAME = "$(TARGET_NAME)";
				SWIFT_VERSION = 4.0;
				TARGETED_DEVICE_FAMILY = "1,2";
				TEST_HOST = "$(BUILT_PRODUCTS_DIR)/ConcentrationGame.app/ConcentrationGame";
			};
			name = Release;
		};
		6392EE4920B4B3ED00B39FBE /* Debug */ = {
			isa = XCBuildConfiguration;
			buildSettings = {
				ALWAYS_EMBED_SWIFT_STANDARD_LIBRARIES = YES;
				CODE_SIGN_STYLE = Automatic;
				DEVELOPMENT_TEAM = L25VC4833P;
				INFOPLIST_FILE = ConcentrationGameUITests/Info.plist;
				LD_RUNPATH_SEARCH_PATHS = (
					"$(inherited)",
					"@executable_path/Frameworks",
					"@loader_path/Frameworks",
				);
				PRODUCT_BUNDLE_IDENTIFIER = CA.ConcentrationGameUITests;
				PRODUCT_NAME = "$(TARGET_NAME)";
				SWIFT_VERSION = 4.0;
				TARGETED_DEVICE_FAMILY = "1,2";
				TEST_TARGET_NAME = ConcentrationGame;
			};
			name = Debug;
		};
		6392EE4A20B4B3ED00B39FBE /* Release */ = {
			isa = XCBuildConfiguration;
			buildSettings = {
				ALWAYS_EMBED_SWIFT_STANDARD_LIBRARIES = YES;
				CODE_SIGN_STYLE = Automatic;
				DEVELOPMENT_TEAM = L25VC4833P;
				INFOPLIST_FILE = ConcentrationGameUITests/Info.plist;
				LD_RUNPATH_SEARCH_PATHS = (
					"$(inherited)",
					"@executable_path/Frameworks",
					"@loader_path/Frameworks",
				);
				PRODUCT_BUNDLE_IDENTIFIER = CA.ConcentrationGameUITests;
				PRODUCT_NAME = "$(TARGET_NAME)";
				SWIFT_VERSION = 4.0;
				TARGETED_DEVICE_FAMILY = "1,2";
				TEST_TARGET_NAME = ConcentrationGame;
			};
			name = Release;
		};
/* End XCBuildConfiguration section */

/* Begin XCConfigurationList section */
		6392EE1520B4B3EA00B39FBE /* Build configuration list for PBXProject "ConcentrationGame" */ = {
			isa = XCConfigurationList;
			buildConfigurations = (
				6392EE4020B4B3ED00B39FBE /* Debug */,
				6392EE4120B4B3ED00B39FBE /* Release */,
			);
			defaultConfigurationIsVisible = 0;
			defaultConfigurationName = Release;
		};
		6392EE4220B4B3ED00B39FBE /* Build configuration list for PBXNativeTarget "ConcentrationGame" */ = {
			isa = XCConfigurationList;
			buildConfigurations = (
				6392EE4320B4B3ED00B39FBE /* Debug */,
				6392EE4420B4B3ED00B39FBE /* Release */,
			);
			defaultConfigurationIsVisible = 0;
			defaultConfigurationName = Release;
		};
		6392EE4520B4B3ED00B39FBE /* Build configuration list for PBXNativeTarget "ConcentrationGameTests" */ = {
			isa = XCConfigurationList;
			buildConfigurations = (
				6392EE4620B4B3ED00B39FBE /* Debug */,
				6392EE4720B4B3ED00B39FBE /* Release */,
			);
			defaultConfigurationIsVisible = 0;
			defaultConfigurationName = Release;
		};
		6392EE4820B4B3ED00B39FBE /* Build configuration list for PBXNativeTarget "ConcentrationGameUITests" */ = {
			isa = XCConfigurationList;
			buildConfigurations = (
				6392EE4920B4B3ED00B39FBE /* Debug */,
				6392EE4A20B4B3ED00B39FBE /* Release */,
			);
			defaultConfigurationIsVisible = 0;
			defaultConfigurationName = Release;
		};
/* End XCConfigurationList section */
	};
	rootObject = 6392EE1220B4B3EA00B39FBE /* Project object */;
}
